
Microsoft Visual Studio Solution File, Format Version 12.00
# Visual Studio Version 17
VisualStudioVersion = 17.8.34330.188
MinimumVisualStudioVersion = 10.0.40219.1
Project("{FAE04EC0-301F-11D3-BF4B-00C04F79EFBC}") = "PRN231_Library", "PRN231_Library\PRN231_Library.csproj", "{723A5D80-B885-47EE-B4FE-65C433355337}"
EndProject
Global
	GlobalSection(SolutionConfigurationPlatforms) = preSolution
		Debug|Any CPU = Debug|Any CPU
		Release|Any CPU = Release|Any CPU
	EndGlobalSection
	GlobalSection(ProjectConfigurationPlatforms) = postSolution
		{723A5D80-B885-47EE-B4FE-65C433355337}.Debug|Any CPU.ActiveCfg = Debug|Any CPU
		{723A5D80-B885-47EE-B4FE-65C433355337}.Debug|Any CPU.Build.0 = Debug|Any CPU
		{723A5D80-B885-47EE-B4FE-65C433355337}.Release|Any CPU.ActiveCfg = Release|Any CPU
		{723A5D80-B885-47EE-B4FE-65C433355337}.Release|Any CPU.Build.0 = Release|Any CPU
	EndGlobalSection
	GlobalSection(SolutionProperties) = preSolution
		HideSolutionNode = FALSE
	EndGlobalSection
	GlobalSection(ExtensibilityGlobals) = postSolution
		SolutionGuid = {BCF0AAA8-A66A-4138-B1BA-44BADDA1A3AB}
	EndGlobalSection
EndGlobal
